
Microsoft Visual Studio Solution File, Format Version 12.00
# Visual Studio Version 16
VisualStudioVersion = 16.0.34301.259
MinimumVisualStudioVersion = 10.0.40219.1
Project("{FAE04EC0-301F-11D3-BF4B-00C04F79EFBC}") = "LabRepaso", "LabRepaso.csproj", "{B9CB935D-7E5F-49D0-877C-60DC54FBEFC1}"
EndProject
Global
	GlobalSection(SolutionConfigurationPlatforms) = preSolution
		Debug|Any CPU = Debug|Any CPU
		Release|Any CPU = Release|Any CPU
	EndGlobalSection
	GlobalSection(ProjectConfigurationPlatforms) = postSolution
		{B9CB935D-7E5F-49D0-877C-60DC54FBEFC1}.Debug|Any CPU.ActiveCfg = Debug|Any CPU
		{B9CB935D-7E5F-49D0-877C-60DC54FBEFC1}.Debug|Any CPU.Build.0 = Debug|Any CPU
		{B9CB935D-7E5F-49D0-877C-60DC54FBEFC1}.Release|Any CPU.ActiveCfg = Release|Any CPU
		{B9CB935D-7E5F-49D0-877C-60DC54FBEFC1}.Release|Any CPU.Build.0 = Release|Any CPU
	EndGlobalSection
	GlobalSection(SolutionProperties) = preSolution
		HideSolutionNode = FALSE
	EndGlobalSection
	GlobalSection(ExtensibilityGlobals) = postSolution
		SolutionGuid = {73C72CDA-69E4-41A8-958F-A738230B0F93}
	EndGlobalSection
EndGlobal
